
Microsoft Visual Studio Solution File, Format Version 12.00
# Visual Studio Version 16
VisualStudioVersion = 16.0.31129.286
MinimumVisualStudioVersion = 10.0.40219.1
Project("{9A19103F-16F7-4668-BE54-9A1E7A4F7556}") = "Assignment2", "WebApplication2\Assignment2.csproj", "{5F2B9020-F616-40B9-B6F1-507C9D77C24D}"
EndProject
Global
	GlobalSection(SolutionConfigurationPlatforms) = preSolution
		Debug|Any CPU = Debug|Any CPU
		Release|Any CPU = Release|Any CPU
	EndGlobalSection
	GlobalSection(ProjectConfigurationPlatforms) = postSolution
		{5F2B9020-F616-40B9-B6F1-507C9D77C24D}.Debug|Any CPU.ActiveCfg = Debug|Any CPU
		{5F2B9020-F616-40B9-B6F1-507C9D77C24D}.Debug|Any CPU.Build.0 = Debug|Any CPU
		{5F2B9020-F616-40B9-B6F1-507C9D77C24D}.Release|Any CPU.ActiveCfg = Release|Any CPU
		{5F2B9020-F616-40B9-B6F1-507C9D77C24D}.Release|Any CPU.Build.0 = Release|Any CPU
	EndGlobalSection
	GlobalSection(SolutionProperties) = preSolution
		HideSolutionNode = FALSE
	EndGlobalSection
	GlobalSection(ExtensibilityGlobals) = postSolution
		SolutionGuid = {6514F56A-D885-4A64-94DB-0AC8121107B5}
	EndGlobalSection
EndGlobal
